# This file is automatically @generated by Cargo.
# It is not intended for manual editing.
[[package]]
name = "aho-corasick"
version = "0.7.14"
source = "registry+https://github.com/rust-lang/crates.io-index"
checksum = "b476ce7103678b0c6d3d395dbbae31d48ff910bd28be979ba5d48c6351131d0d"
dependencies = [
 "memchr",
]

[[package]]
name = "anyhow"
version = "1.0.33"
source = "registry+https://github.com/rust-lang/crates.io-index"
checksum = "a1fd36ffbb1fb7c834eac128ea8d0e310c5aeb635548f9d58861e1308d46e71c"

[[package]]
name = "atk"
version = "0.9.0"
source = "git+https://github.com/gtk-rs/atk#6d4d8c970955acf75f4403ae5ca0546d671d344f"
dependencies = [
 "atk-sys",
 "bitflags",
 "glib 0.10.0",
 "glib-sys 0.10.0",
 "gobject-sys 0.10.0 (git+https://github.com/gtk-rs/sys)",
 "libc",
]

[[package]]
name = "atk-sys"
version = "0.10.0"
source = "git+https://github.com/gtk-rs/sys#5f35e26c65d24f8f018f643218de0f5807ba5f01"
dependencies = [
 "glib-sys 0.10.0",
 "gobject-sys 0.10.0 (git+https://github.com/gtk-rs/sys)",
 "libc",
 "system-deps",
]

[[package]]
name = "autocfg"
version = "1.0.1"
source = "registry+https://github.com/rust-lang/crates.io-index"
checksum = "cdb031dd78e28731d87d56cc8ffef4a8f36ca26c38fe2de700543e627f8a464a"

[[package]]
name = "bitflags"
version = "1.2.1"
source = "registry+https://github.com/rust-lang/crates.io-index"
checksum = "cf1de2fe8c75bc145a2f577add951f8134889b4795d47466a54a5c846d691693"

[[package]]
name = "cairo-rs"
version = "0.9.0"
source = "git+https://github.com/gtk-rs/cairo#dd3cbdd07b046df9f1fc88ae3fe3ea998a92eaa1"
dependencies = [
 "bitflags",
 "cairo-sys-rs",
 "freetype",
 "glib 0.10.0",
 "glib-sys 0.10.0",
 "gobject-sys 0.10.0 (git+https://github.com/gtk-rs/sys)",
 "libc",
 "thiserror",
]

[[package]]
name = "cairo-sys-rs"
version = "0.10.0"
source = "git+https://github.com/gtk-rs/cairo#dd3cbdd07b046df9f1fc88ae3fe3ea998a92eaa1"
dependencies = [
 "glib-sys 0.10.0",
 "libc",
 "system-deps",
]

[[package]]
name = "cc"
version = "1.0.61"
source = "registry+https://github.com/rust-lang/crates.io-index"
checksum = "ed67cbde08356238e75fc4656be4749481eeffb09e19f320a25237d5221c985d"

[[package]]
name = "cfg-if"
version = "1.0.0"
source = "registry+https://github.com/rust-lang/crates.io-index"
checksum = "baf1de4339761588bc0619e3cbc0120ee582ebb74b53b4efbf79117bd2da40fd"

[[package]]
name = "cmake"
version = "0.1.44"
source = "registry+https://github.com/rust-lang/crates.io-index"
checksum = "0e56268c17a6248366d66d4a47a3381369d068cce8409bb1716ed77ea32163bb"
dependencies = [
 "cc",
]

[[package]]
name = "either"
version = "1.6.1"
source = "registry+https://github.com/rust-lang/crates.io-index"
checksum = "e78d4f1cc4ae33bbfc157ed5d5a5ef3bc29227303d595861deb238fcec4e9457"

[[package]]
name = "freetype"
version = "0.7.0"
source = "registry+https://github.com/rust-lang/crates.io-index"
checksum = "bee38378a9e3db1cc693b4f88d166ae375338a0ff75cb8263e1c601d51f35dc6"
dependencies = [
 "freetype-sys",
 "libc",
]

[[package]]
name = "freetype-sys"
version = "0.13.1"
source = "registry+https://github.com/rust-lang/crates.io-index"
checksum = "a37d4011c0cc628dfa766fcc195454f4b068d7afdc2adfd28861191d866e731a"
dependencies = [
 "cmake",
 "libc",
 "pkg-config",
]

[[package]]
name = "futures"
version = "0.3.7"
source = "registry+https://github.com/rust-lang/crates.io-index"
checksum = "95314d38584ffbfda215621d723e0a3906f032e03ae5551e650058dac83d4797"
dependencies = [
 "futures-channel",
 "futures-core",
 "futures-executor",
 "futures-io",
 "futures-sink",
 "futures-task",
 "futures-util",
]

[[package]]
name = "futures-channel"
version = "0.3.7"
source = "registry+https://github.com/rust-lang/crates.io-index"
checksum = "0448174b01148032eed37ac4aed28963aaaa8cfa93569a08e5b479bbc6c2c151"
dependencies = [
 "futures-core",
 "futures-sink",
]

[[package]]
name = "futures-core"
version = "0.3.7"
source = "registry+https://github.com/rust-lang/crates.io-index"
checksum = "18eaa56102984bed2c88ea39026cff3ce3b4c7f508ca970cedf2450ea10d4e46"

[[package]]
name = "futures-executor"
version = "0.3.7"
source = "registry+https://github.com/rust-lang/crates.io-index"
checksum = "f5f8e0c9258abaea85e78ebdda17ef9666d390e987f006be6080dfe354b708cb"
dependencies = [
 "futures-core",
 "futures-task",
 "futures-util",
]

[[package]]
name = "futures-io"
version = "0.3.7"
source = "registry+https://github.com/rust-lang/crates.io-index"
checksum = "6e1798854a4727ff944a7b12aa999f58ce7aa81db80d2dfaaf2ba06f065ddd2b"

[[package]]
name = "futures-macro"
version = "0.3.7"
source = "registry+https://github.com/rust-lang/crates.io-index"
checksum = "e36fccf3fc58563b4a14d265027c627c3b665d7fed489427e88e7cc929559efe"
dependencies = [
 "proc-macro-hack",
 "proc-macro2",
 "quote",
 "syn",
]

[[package]]
name = "futures-sink"
version = "0.3.7"
source = "registry+https://github.com/rust-lang/crates.io-index"
checksum = "0e3ca3f17d6e8804ae5d3df7a7d35b2b3a6fe89dac84b31872720fc3060a0b11"

[[package]]
name = "futures-task"
version = "0.3.7"
source = "registry+https://github.com/rust-lang/crates.io-index"
checksum = "96d502af37186c4fef99453df03e374683f8a1eec9dcc1e66b3b82dc8278ce3c"
dependencies = [
 "once_cell",
]

[[package]]
name = "futures-util"
version = "0.3.7"
source = "registry+https://github.com/rust-lang/crates.io-index"
checksum = "abcb44342f62e6f3e8ac427b8aa815f724fd705dfad060b18ac7866c15bb8e34"
dependencies = [
 "futures-channel",
 "futures-core",
 "futures-io",
 "futures-macro",
 "futures-sink",
 "futures-task",
 "memchr",
 "pin-project",
 "pin-utils",
 "proc-macro-hack",
 "proc-macro-nested",
 "slab",
]

[[package]]
name = "gdk-pixbuf"
version = "0.9.0"
source = "git+https://github.com/gtk-rs/gdk-pixbuf#5ecc831fd5f4d28597fa060cb2f319ba4fad03e8"
dependencies = [
 "gdk-pixbuf-sys",
 "gio",
 "gio-sys",
 "glib 0.10.0",
 "glib-sys 0.10.0",
 "gobject-sys 0.10.0 (git+https://github.com/gtk-rs/sys)",
 "libc",
]

[[package]]
name = "gdk-pixbuf-sys"
version = "0.10.0"
source = "git+https://github.com/gtk-rs/sys#5f35e26c65d24f8f018f643218de0f5807ba5f01"
dependencies = [
 "gio-sys",
 "glib-sys 0.10.0",
 "gobject-sys 0.10.0 (git+https://github.com/gtk-rs/sys)",
 "libc",
 "system-deps",
]

[[package]]
name = "gdk4"
version = "0.1.0"
source = "git+https://github.com/gtk-rs/gdk4#320982bd25a027e22c91fca59dcdb5aec4aeb9cd"
dependencies = [
 "bitflags",
 "cairo-rs",
 "cairo-sys-rs",
 "gdk-pixbuf",
 "gdk4-sys",
 "gio",
 "gio-sys",
 "glib 0.10.0",
 "glib-sys 0.10.0",
 "gobject-sys 0.10.0 (git+https://github.com/gtk-rs/sys)",
 "libc",
 "pango",
]

[[package]]
name = "gdk4-sys"
version = "0.1.0"
source = "git+https://github.com/gtk-rs/sys#5f35e26c65d24f8f018f643218de0f5807ba5f01"
dependencies = [
 "cairo-sys-rs",
 "gdk-pixbuf-sys",
 "gio-sys",
 "glib-sys 0.10.0",
 "gobject-sys 0.10.0 (git+https://github.com/gtk-rs/sys)",
 "libc",
 "pango-sys",
 "system-deps",
]

[[package]]
name = "gettext-rs"
version = "0.4.4"
source = "registry+https://github.com/rust-lang/crates.io-index"
checksum = "df454a42d8a718280c78666efe0707c120873736961ae91ead898f17ac66ce7c"
dependencies = [
 "gettext-sys",
 "locale_config",
]

[[package]]
name = "gettext-sys"
version = "0.19.9"
source = "registry+https://github.com/rust-lang/crates.io-index"
checksum = "e034c4ba5bb796730a6cc5eb0d654c16885006a7c3d6c6603581ed809434f153"
dependencies = [
 "cc",
]

[[package]]
name = "gio"
version = "0.9.0"
source = "git+https://github.com/gtk-rs/gio#6c15125b3542c591c3c148f0a4f9daab3d50fdb5"
dependencies = [
 "bitflags",
 "futures",
 "futures-channel",
 "futures-core",
 "futures-io",
 "futures-util",
 "gio-sys",
 "glib 0.10.0",
 "glib-sys 0.10.0",
 "gobject-sys 0.10.0 (git+https://github.com/gtk-rs/sys)",
 "libc",
 "once_cell",
 "thiserror",
]

[[package]]
name = "gio-sys"
version = "0.10.0"
source = "git+https://github.com/gtk-rs/sys#5f35e26c65d24f8f018f643218de0f5807ba5f01"
dependencies = [
 "glib-sys 0.10.0",
 "gobject-sys 0.10.0 (git+https://github.com/gtk-rs/sys)",
 "libc",
 "system-deps",
 "winapi",
]

[[package]]
name = "glib"
version = "0.10.0"
source = "git+https://github.com/gtk-rs/glib#0654a555aa8eb02e29c6f1c34a8bf9f4da9f2ed8"
dependencies = [
 "bitflags",
 "futures-channel",
 "futures-core",
 "futures-executor",
 "futures-task",
 "futures-util",
 "glib-macros 0.10.0",
 "glib-sys 0.10.0",
 "gobject-sys 0.10.0 (git+https://github.com/gtk-rs/sys)",
 "libc",
 "once_cell",
 "smallvec",
]

[[package]]
name = "glib"
version = "0.10.3"
source = "registry+https://github.com/rust-lang/crates.io-index"
checksum = "0c685013b7515e668f1b57a165b009d4d28cb139a8a989bbd699c10dad29d0c5"
dependencies = [
 "bitflags",
 "futures-channel",
 "futures-core",
 "futures-executor",
 "futures-task",
 "futures-util",
 "glib-macros 0.10.1",
 "glib-sys 0.10.1",
 "gobject-sys 0.10.0 (registry+https://github.com/rust-lang/crates.io-index)",
 "libc",
 "once_cell",
]

[[package]]
name = "glib-macros"
version = "0.10.0"
source = "git+https://github.com/gtk-rs/glib#0654a555aa8eb02e29c6f1c34a8bf9f4da9f2ed8"
dependencies = [
 "anyhow",
 "heck",
 "itertools",
 "proc-macro-crate",
 "proc-macro-error",
 "proc-macro2",
 "quote",
 "syn",
]

[[package]]
name = "glib-macros"
version = "0.10.1"
source = "registry+https://github.com/rust-lang/crates.io-index"
checksum = "41486a26d1366a8032b160b59065a59fb528530a46a49f627e7048fb8c064039"
dependencies = [
 "anyhow",
 "heck",
 "itertools",
 "proc-macro-crate",
 "proc-macro-error",
 "proc-macro2",
 "quote",
 "syn",
]

[[package]]
name = "glib-sys"
version = "0.10.0"
source = "git+https://github.com/gtk-rs/sys#5f35e26c65d24f8f018f643218de0f5807ba5f01"
dependencies = [
 "libc",
 "system-deps",
]

[[package]]
name = "glib-sys"
version = "0.10.1"
source = "registry+https://github.com/rust-lang/crates.io-index"
checksum = "c7e9b997a66e9a23d073f2b1abb4dbfc3925e0b8952f67efd8d9b6e168e4cdc1"
dependencies = [
 "libc",
 "system-deps",
]

[[package]]
name = "gobject-sys"
version = "0.10.0"
source = "registry+https://github.com/rust-lang/crates.io-index"
checksum = "952133b60c318a62bf82ee75b93acc7e84028a093e06b9e27981c2b6fe68218c"
dependencies = [
 "glib-sys 0.10.1",
 "libc",
 "system-deps",
]

[[package]]
name = "gobject-sys"
version = "0.10.0"
source = "git+https://github.com/gtk-rs/sys#5f35e26c65d24f8f018f643218de0f5807ba5f01"
dependencies = [
 "glib-sys 0.10.0",
 "libc",
 "system-deps",
]

[[package]]
name = "graphene-rs"
version = "0.1.0"
source = "git+https://github.com/gtk-rs/graphene#6b835b228a517c1904d537b5fafabd68df4138b3"
dependencies = [
 "glib 0.10.0",
 "glib-sys 0.10.0",
 "gobject-sys 0.10.0 (git+https://github.com/gtk-rs/sys)",
 "graphene-sys",
 "libc",
]

[[package]]
name = "graphene-sys"
version = "0.1.0"
source = "git+https://github.com/gtk-rs/graphene#6b835b228a517c1904d537b5fafabd68df4138b3"
dependencies = [
 "glib-sys 0.10.0",
 "gobject-sys 0.10.0 (git+https://github.com/gtk-rs/sys)",
 "libc",
 "pkg-config",
 "system-deps",
]

[[package]]
name = "gsk4"
version = "0.1.0"
source = "git+https://github.com/gtk-rs/gsk4#39cc35b1b1662a89dad63eb6ce1e1dc4a88635ed"
dependencies = [
 "bitflags",
 "cairo-rs",
 "cairo-sys-rs",
 "gdk4",
 "gdk4-sys",
 "glib 0.10.0",
 "glib-sys 0.10.0",
 "gobject-sys 0.10.0 (git+https://github.com/gtk-rs/sys)",
 "graphene-rs",
 "graphene-sys",
 "gsk4-sys",
 "libc",
 "pango",
]

[[package]]
name = "gsk4-sys"
version = "0.1.0"
source = "git+https://github.com/gtk-rs/sys#5f35e26c65d24f8f018f643218de0f5807ba5f01"
dependencies = [
 "cairo-sys-rs",
 "gdk4-sys",
 "glib-sys 0.10.0",
 "gobject-sys 0.10.0 (git+https://github.com/gtk-rs/sys)",
 "graphene-sys",
 "libc",
 "pango-sys",
 "system-deps",
]

[[package]]
name = "gstreamer"
version = "0.16.4"
source = "registry+https://github.com/rust-lang/crates.io-index"
checksum = "da0bc44d8c3ce6c3dca434a3f256a851c55f0ea5c409413b5b406039989db6ff"
dependencies = [
 "bitflags",
 "cfg-if",
 "futures-channel",
 "futures-core",
 "futures-util",
 "glib 0.10.3",
 "glib-sys 0.10.1",
 "gobject-sys 0.10.0 (registry+https://github.com/rust-lang/crates.io-index)",
 "gstreamer-sys",
 "libc",
 "muldiv",
 "num-rational",
 "once_cell",
 "paste",
 "pretty-hex",
 "thiserror",
]

[[package]]
name = "gstreamer-base"
version = "0.16.3"
source = "registry+https://github.com/rust-lang/crates.io-index"
checksum = "082f83c11a9d568e94e3a29d9fb22bf86dda44becfd4ba1d18446766b678f07c"
dependencies = [
 "bitflags",
 "glib 0.10.3",
 "glib-sys 0.10.1",
 "gobject-sys 0.10.0 (registry+https://github.com/rust-lang/crates.io-index)",
 "gstreamer",
 "gstreamer-base-sys",
 "gstreamer-sys",
 "libc",
]

[[package]]
name = "gstreamer-base-sys"
version = "0.9.1"
source = "registry+https://github.com/rust-lang/crates.io-index"
checksum = "a4b7b6dc2d6e160a1ae28612f602bd500b3fa474ce90bf6bb2f08072682beef5"
dependencies = [
 "glib-sys 0.10.1",
 "gobject-sys 0.10.0 (registry+https://github.com/rust-lang/crates.io-index)",
 "gstreamer-sys",
 "libc",
 "system-deps",
]

[[package]]
name = "gstreamer-player"
version = "0.16.3"
source = "registry+https://github.com/rust-lang/crates.io-index"
checksum = "4ec0f643dba95e732b261473bc4d73e5a3f635fa097281a172892976830cae85"
dependencies = [
 "bitflags",
 "glib 0.10.3",
 "glib-sys 0.10.1",
 "gobject-sys 0.10.0 (registry+https://github.com/rust-lang/crates.io-index)",
 "gstreamer",
 "gstreamer-player-sys",
 "gstreamer-sys",
 "gstreamer-video",
 "libc",
]

[[package]]
name = "gstreamer-player-sys"
version = "0.9.1"
source = "registry+https://github.com/rust-lang/crates.io-index"
checksum = "53aaf79503e691a32266670bc631edb6c52bdb854984da76a0ce2756f49584a2"
dependencies = [
 "glib-sys 0.10.1",
 "gobject-sys 0.10.0 (registry+https://github.com/rust-lang/crates.io-index)",
 "gstreamer-sys",
 "gstreamer-video-sys",
 "libc",
 "system-deps",
]

[[package]]
name = "gstreamer-sys"
version = "0.9.1"
source = "registry+https://github.com/rust-lang/crates.io-index"
checksum = "fc1f154082d01af5718c5f8a8eb4f565a4ea5586ad8833a8fc2c2aa6844b601d"
dependencies = [
 "glib-sys 0.10.1",
 "gobject-sys 0.10.0 (registry+https://github.com/rust-lang/crates.io-index)",
 "libc",
 "system-deps",
]

[[package]]
name = "gstreamer-video"
version = "0.16.4"
source = "registry+https://github.com/rust-lang/crates.io-index"
checksum = "4ee818e9d31484ad50d95b08eb4cfa0dd439501721dc62708e2202de5ac5b84e"
dependencies = [
 "bitflags",
 "futures-channel",
 "futures-util",
 "glib 0.10.3",
 "glib-sys 0.10.1",
 "gobject-sys 0.10.0 (registry+https://github.com/rust-lang/crates.io-index)",
 "gstreamer",
 "gstreamer-base",
 "gstreamer-base-sys",
 "gstreamer-sys",
 "gstreamer-video-sys",
 "libc",
 "once_cell",
]

[[package]]
name = "gstreamer-video-sys"
version = "0.9.1"
source = "registry+https://github.com/rust-lang/crates.io-index"
checksum = "92347e46438007d6a2386302125f62cb9df6769cdacb931af5c0f12c1ee21de4"
dependencies = [
 "glib-sys 0.10.1",
 "gobject-sys 0.10.0 (registry+https://github.com/rust-lang/crates.io-index)",
 "gstreamer-base-sys",
 "gstreamer-sys",
 "libc",
 "system-deps",
]

[[package]]
name = "gtk-macros"
version = "0.2.0"
source = "registry+https://github.com/rust-lang/crates.io-index"
checksum = "1874c48e670519ce192093ac906c08a6dde7cb2d18b28722ef237726a39c3a63"

[[package]]
name = "gtk4"
version = "0.1.0"
source = "git+https://github.com/bilelmoussaoui/gtk4?branch=bilelmoussaoui/update#15d018ad8d6cc2543a5b8de34eeb63bcd2c7052a"
dependencies = [
 "atk",
 "atk-sys",
 "bitflags",
 "cairo-rs",
 "cairo-sys-rs",
 "gdk-pixbuf",
 "gdk-pixbuf-sys",
 "gdk4",
 "gdk4-sys",
 "gio",
 "gio-sys",
 "glib 0.10.0",
 "glib-sys 0.10.0",
 "gobject-sys 0.10.0 (git+https://github.com/gtk-rs/sys)",
 "graphene-rs",
 "graphene-sys",
 "gsk4",
 "gsk4-sys",
 "gtk4-sys",
 "libc",
 "once_cell",
 "pango",
 "pango-sys",
]

[[package]]
name = "gtk4-sys"
version = "0.1.0"
source = "git+https://github.com/gtk-rs/sys#5f35e26c65d24f8f018f643218de0f5807ba5f01"
dependencies = [
 "atk-sys",
 "cairo-sys-rs",
 "gdk-pixbuf-sys",
 "gdk4-sys",
 "gio-sys",
 "glib-sys 0.10.0",
 "gobject-sys 0.10.0 (git+https://github.com/gtk-rs/sys)",
 "graphene-sys",
 "gsk4-sys",
 "libc",
 "pango-sys",
 "system-deps",
]

[[package]]
name = "heck"
version = "0.3.1"
source = "registry+https://github.com/rust-lang/crates.io-index"
checksum = "20564e78d53d2bb135c343b3f47714a56af2061f1c928fdb541dc7b9fdd94205"
dependencies = [
 "unicode-segmentation",
]

[[package]]
name = "itertools"
version = "0.9.0"
source = "registry+https://github.com/rust-lang/crates.io-index"
checksum = "284f18f85651fe11e8a991b2adb42cb078325c996ed026d994719efcfca1d54b"
dependencies = [
 "either",
]

[[package]]
name = "lazy_static"
version = "1.4.0"
source = "registry+https://github.com/rust-lang/crates.io-index"
checksum = "e2abad23fbc42b3700f2f279844dc832adb2b2eb069b2df918f455c4e18cc646"

[[package]]
name = "libc"
version = "0.2.79"
source = "registry+https://github.com/rust-lang/crates.io-index"
checksum = "2448f6066e80e3bfc792e9c98bf705b4b0fc6e8ef5b43e5889aff0eaa9c58743"

[[package]]
name = "locale_config"
version = "0.2.3"
source = "registry+https://github.com/rust-lang/crates.io-index"
checksum = "73ac19ebe45489e5d53b4346d8b90bb3dd03275c5fdf2ce22a982516d86b535c"
dependencies = [
 "lazy_static",
 "regex",
 "winapi",
]

[[package]]
name = "memchr"
version = "2.3.3"
source = "registry+https://github.com/rust-lang/crates.io-index"
checksum = "3728d817d99e5ac407411fa471ff9800a778d88a24685968b36824eaf4bee400"

[[package]]
name = "muldiv"
version = "0.2.1"
source = "registry+https://github.com/rust-lang/crates.io-index"
checksum = "0419348c027fa7be448d2ae7ea0e4e04c2334c31dc4e74ab29f00a2a7ca69204"

[[package]]
name = "num-integer"
version = "0.1.43"
source = "registry+https://github.com/rust-lang/crates.io-index"
checksum = "8d59457e662d541ba17869cf51cf177c0b5f0cbf476c66bdc90bf1edac4f875b"
dependencies = [
 "autocfg",
 "num-traits",
]

[[package]]
name = "num-rational"
version = "0.3.0"
source = "registry+https://github.com/rust-lang/crates.io-index"
checksum = "a5b4d7360f362cfb50dde8143501e6940b22f644be75a4cc90b2d81968908138"
dependencies = [
 "autocfg",
 "num-integer",
 "num-traits",
]

[[package]]
name = "num-traits"
version = "0.2.12"
source = "registry+https://github.com/rust-lang/crates.io-index"
checksum = "ac267bcc07f48ee5f8935ab0d24f316fb722d7a1292e2913f0cc196b29ffd611"
dependencies = [
 "autocfg",
]

[[package]]
name = "once_cell"
version = "1.4.1"
source = "registry+https://github.com/rust-lang/crates.io-index"
checksum = "260e51e7efe62b592207e9e13a68e43692a7a279171d6ba57abd208bf23645ad"

[[package]]
name = "pango"
version = "0.9.0"
source = "git+https://github.com/gtk-rs/pango#a9fdf5475104c984d9292f6c14edfbc34fc5cca8"
dependencies = [
 "bitflags",
 "glib 0.10.0",
 "glib-sys 0.10.0",
 "gobject-sys 0.10.0 (git+https://github.com/gtk-rs/sys)",
 "libc",
 "once_cell",
 "pango-sys",
]

[[package]]
name = "pango-sys"
version = "0.10.0"
source = "git+https://github.com/gtk-rs/sys#5f35e26c65d24f8f018f643218de0f5807ba5f01"
dependencies = [
 "glib-sys 0.10.0",
 "gobject-sys 0.10.0 (git+https://github.com/gtk-rs/sys)",
 "libc",
 "system-deps",
]

[[package]]
name = "paste"
version = "1.0.2"
source = "registry+https://github.com/rust-lang/crates.io-index"
checksum = "ba7ae1a2180ed02ddfdb5ab70c70d596a26dd642e097bb6fe78b1bde8588ed97"

[[package]]
name = "pin-project"
version = "1.0.1"
source = "registry+https://github.com/rust-lang/crates.io-index"
checksum = "ee41d838744f60d959d7074e3afb6b35c7456d0f61cad38a24e35e6553f73841"
dependencies = [
 "pin-project-internal",
]

[[package]]
name = "pin-project-internal"
version = "1.0.1"
source = "registry+https://github.com/rust-lang/crates.io-index"
checksum = "81a4ffa594b66bff340084d4081df649a7dc049ac8d7fc458d8e628bfbbb2f86"
dependencies = [
 "proc-macro2",
 "quote",
 "syn",
]

[[package]]
name = "pin-utils"
version = "0.1.0"
source = "registry+https://github.com/rust-lang/crates.io-index"
checksum = "8b870d8c151b6f2fb93e84a13146138f05d02ed11c7e7c54f8826aaaf7c9f184"

[[package]]
name = "pkg-config"
version = "0.3.19"
source = "registry+https://github.com/rust-lang/crates.io-index"
checksum = "3831453b3449ceb48b6d9c7ad7c96d5ea673e9b470a1dc578c2ce6521230884c"

[[package]]
name = "pretty-hex"
version = "0.2.1"
source = "registry+https://github.com/rust-lang/crates.io-index"
checksum = "bc5c99d529f0d30937f6f4b8a86d988047327bb88d04d2c4afc356de74722131"

[[package]]
name = "proc-macro-crate"
version = "0.1.5"
source = "registry+https://github.com/rust-lang/crates.io-index"
checksum = "1d6ea3c4595b96363c13943497db34af4460fb474a95c43f4446ad341b8c9785"
dependencies = [
 "toml",
]

[[package]]
name = "proc-macro-error"
version = "1.0.4"
source = "registry+https://github.com/rust-lang/crates.io-index"
checksum = "da25490ff9892aab3fcf7c36f08cfb902dd3e71ca0f9f9517bea02a73a5ce38c"
dependencies = [
 "proc-macro-error-attr",
 "proc-macro2",
 "quote",
 "syn",
 "version_check",
]

[[package]]
name = "proc-macro-error-attr"
version = "1.0.4"
source = "registry+https://github.com/rust-lang/crates.io-index"
checksum = "a1be40180e52ecc98ad80b184934baf3d0d29f979574e439af5a55274b35f869"
dependencies = [
 "proc-macro2",
 "quote",
 "version_check",
]

[[package]]
name = "proc-macro-hack"
version = "0.5.18"
source = "registry+https://github.com/rust-lang/crates.io-index"
checksum = "99c605b9a0adc77b7211c6b1f722dcb613d68d66859a44f3d485a6da332b0598"

[[package]]
name = "proc-macro-nested"
version = "0.1.6"
source = "registry+https://github.com/rust-lang/crates.io-index"
checksum = "eba180dafb9038b050a4c280019bbedf9f2467b61e5d892dcad585bb57aadc5a"

[[package]]
name = "proc-macro2"
version = "1.0.24"
source = "registry+https://github.com/rust-lang/crates.io-index"
checksum = "1e0704ee1a7e00d7bb417d0770ea303c1bccbabf0ef1667dae92b5967f5f8a71"
dependencies = [
 "unicode-xid",
]

[[package]]
name = "quote"
version = "1.0.7"
source = "registry+https://github.com/rust-lang/crates.io-index"
checksum = "aa563d17ecb180e500da1cfd2b028310ac758de548efdd203e18f283af693f37"
dependencies = [
 "proc-macro2",
]

[[package]]
name = "regex"
version = "1.4.1"
source = "registry+https://github.com/rust-lang/crates.io-index"
checksum = "8963b85b8ce3074fecffde43b4b0dded83ce2f367dc8d363afc56679f3ee820b"
dependencies = [
 "aho-corasick",
 "memchr",
 "regex-syntax",
 "thread_local",
]

[[package]]
name = "regex-syntax"
version = "0.6.20"
source = "registry+https://github.com/rust-lang/crates.io-index"
checksum = "8cab7a364d15cde1e505267766a2d3c4e22a843e1a601f0fa7564c0f82ced11c"

[[package]]
name = "serde"
version = "1.0.117"
source = "registry+https://github.com/rust-lang/crates.io-index"
checksum = "b88fa983de7720629c9387e9f517353ed404164b1e482c970a90c1a4aaf7dc1a"

[[package]]
name = "slab"
version = "0.4.2"
source = "registry+https://github.com/rust-lang/crates.io-index"
checksum = "c111b5bd5695e56cffe5129854aa230b39c93a305372fdbb2668ca2394eea9f8"

[[package]]
name = "smallvec"
version = "1.4.2"
source = "registry+https://github.com/rust-lang/crates.io-index"
checksum = "fbee7696b84bbf3d89a1c2eccff0850e3047ed46bfcd2e92c29a2d074d57e252"

[[package]]
name = "solanum"
version = "2.0.0"
dependencies = [
 "gdk4",
 "gettext-rs",
 "gio",
 "glib 0.10.0",
 "gstreamer",
 "gstreamer-player",
 "gtk-macros",
 "gtk4",
 "once_cell",
 "pango",
 "regex",
]

[[package]]
name = "strum"
version = "0.18.0"
source = "registry+https://github.com/rust-lang/crates.io-index"
checksum = "57bd81eb48f4c437cadc685403cad539345bf703d78e63707418431cecd4522b"

[[package]]
name = "strum_macros"
version = "0.18.0"
source = "registry+https://github.com/rust-lang/crates.io-index"
checksum = "87c85aa3f8ea653bfd3ddf25f7ee357ee4d204731f6aa9ad04002306f6e2774c"
dependencies = [
 "heck",
 "proc-macro2",
 "quote",
 "syn",
]

[[package]]
name = "syn"
version = "1.0.46"
source = "registry+https://github.com/rust-lang/crates.io-index"
checksum = "5ad5de3220ea04da322618ded2c42233d02baca219d6f160a3e9c87cda16c942"
dependencies = [
 "proc-macro2",
 "quote",
 "unicode-xid",
]

[[package]]
name = "system-deps"
version = "1.3.2"
source = "registry+https://github.com/rust-lang/crates.io-index"
checksum = "0f3ecc17269a19353b3558b313bba738b25d82993e30d62a18406a24aba4649b"
dependencies = [
 "heck",
 "pkg-config",
 "strum",
 "strum_macros",
 "thiserror",
 "toml",
 "version-compare",
]

[[package]]
name = "thiserror"
version = "1.0.21"
source = "registry+https://github.com/rust-lang/crates.io-index"
checksum = "318234ffa22e0920fe9a40d7b8369b5f649d490980cf7aadcf1eb91594869b42"
dependencies = [
 "thiserror-impl",
]

[[package]]
name = "thiserror-impl"
version = "1.0.21"
source = "registry+https://github.com/rust-lang/crates.io-index"
checksum = "cae2447b6282786c3493999f40a9be2a6ad20cb8bd268b0a0dbf5a065535c0ab"
dependencies = [
 "proc-macro2",
 "quote",
 "syn",
]

[[package]]
name = "thread_local"
version = "1.0.1"
source = "registry+https://github.com/rust-lang/crates.io-index"
checksum = "d40c6d1b69745a6ec6fb1ca717914848da4b44ae29d9b3080cbee91d72a69b14"
dependencies = [
 "lazy_static",
]

[[package]]
name = "toml"
version = "0.5.7"
source = "registry+https://github.com/rust-lang/crates.io-index"
checksum = "75cf45bb0bef80604d001caaec0d09da99611b3c0fd39d3080468875cdb65645"
dependencies = [
 "serde",
]

[[package]]
name = "unicode-segmentation"
version = "1.6.0"
source = "registry+https://github.com/rust-lang/crates.io-index"
checksum = "e83e153d1053cbb5a118eeff7fd5be06ed99153f00dbcd8ae310c5fb2b22edc0"

[[package]]
name = "unicode-xid"
version = "0.2.1"
source = "registry+https://github.com/rust-lang/crates.io-index"
checksum = "f7fe0bb3479651439c9112f72b6c505038574c9fbb575ed1bf3b797fa39dd564"

[[package]]
name = "version-compare"
version = "0.0.10"
source = "registry+https://github.com/rust-lang/crates.io-index"
checksum = "d63556a25bae6ea31b52e640d7c41d1ab27faba4ccb600013837a3d0b3994ca1"

[[package]]
name = "version_check"
version = "0.9.2"
source = "registry+https://github.com/rust-lang/crates.io-index"
checksum = "b5a972e5669d67ba988ce3dc826706fb0a8b01471c088cb0b6110b805cc36aed"

[[package]]
name = "winapi"
version = "0.3.9"
source = "registry+https://github.com/rust-lang/crates.io-index"
checksum = "5c839a674fcd7a98952e593242ea400abe93992746761e38641405d28b00f419"
dependencies = [
 "winapi-i686-pc-windows-gnu",
 "winapi-x86_64-pc-windows-gnu",
]

[[package]]
name = "winapi-i686-pc-windows-gnu"
version = "0.4.0"
source = "registry+https://github.com/rust-lang/crates.io-index"
checksum = "ac3b87c63620426dd9b991e5ce0329eff545bccbbb34f3be09ff6fb6ab51b7b6"

[[package]]
name = "winapi-x86_64-pc-windows-gnu"
version = "0.4.0"
source = "registry+https://github.com/rust-lang/crates.io-index"
checksum = "712e227841d057c1ee1cd2fb22fa7e5a5461ae8e48fa2ca79ec42cfc1931183f"
