# This file is automatically @generated by Cargo.
# It is not intended for manual editing.
[[package]]
name = "aho-corasick"
version = "0.7.14"
source = "registry+https://github.com/rust-lang/crates.io-index"
checksum = "b476ce7103678b0c6d3d395dbbae31d48ff910bd28be979ba5d48c6351131d0d"
dependencies = [
 "memchr",
]

[[package]]
name = "anyhow"
version = "1.0.33"
source = "registry+https://github.com/rust-lang/crates.io-index"
checksum = "a1fd36ffbb1fb7c834eac128ea8d0e310c5aeb635548f9d58861e1308d46e71c"

[[package]]
name = "atk"
version = "0.9.0"
source = "git+https://github.com/gtk-rs/atk#6d4d8c970955acf75f4403ae5ca0546d671d344f"
dependencies = [
 "atk-sys",
 "bitflags",
 "glib 0.10.0",
 "glib-sys 0.10.0",
 "gobject-sys 0.10.0 (git+https://github.com/gtk-rs/sys)",
 "libc",
]

[[package]]
name = "atk-sys"
version = "0.10.0"
source = "git+https://github.com/gtk-rs/sys#bcfd008d8d9351b485c646cba15298c5cf916ba9"
dependencies = [
 "glib-sys 0.10.0",
 "gobject-sys 0.10.0 (git+https://github.com/gtk-rs/sys)",
 "libc",
 "system-deps",
]

[[package]]
name = "autocfg"
version = "1.0.1"
source = "registry+https://github.com/rust-lang/crates.io-index"
checksum = "cdb031dd78e28731d87d56cc8ffef4a8f36ca26c38fe2de700543e627f8a464a"

[[package]]
name = "bitflags"
version = "1.2.1"
source = "registry+https://github.com/rust-lang/crates.io-index"
checksum = "cf1de2fe8c75bc145a2f577add951f8134889b4795d47466a54a5c846d691693"

[[package]]
name = "cairo-rs"
version = "0.9.0"
source = "git+https://github.com/gtk-rs/cairo#b70975728dfedeb62525672e8c42a57eee3fbc60"
dependencies = [
 "bitflags",
 "cairo-sys-rs",
 "glib 0.10.0",
 "glib-sys 0.10.0",
 "gobject-sys 0.10.0 (git+https://github.com/gtk-rs/sys)",
 "libc",
 "thiserror",
]

[[package]]
name = "cairo-sys-rs"
version = "0.10.0"
source = "git+https://github.com/gtk-rs/cairo#b70975728dfedeb62525672e8c42a57eee3fbc60"
dependencies = [
 "glib-sys 0.10.0",
 "libc",
 "system-deps",
]

[[package]]
name = "cc"
version = "1.0.61"
source = "registry+https://github.com/rust-lang/crates.io-index"
checksum = "ed67cbde08356238e75fc4656be4749481eeffb09e19f320a25237d5221c985d"

[[package]]
name = "cfg-if"
version = "1.0.0"
source = "registry+https://github.com/rust-lang/crates.io-index"
checksum = "baf1de4339761588bc0619e3cbc0120ee582ebb74b53b4efbf79117bd2da40fd"

[[package]]
name = "either"
version = "1.6.1"
source = "registry+https://github.com/rust-lang/crates.io-index"
checksum = "e78d4f1cc4ae33bbfc157ed5d5a5ef3bc29227303d595861deb238fcec4e9457"

[[package]]
name = "futures"
version = "0.3.6"
source = "registry+https://github.com/rust-lang/crates.io-index"
checksum = "5d8e3078b7b2a8a671cb7a3d17b4760e4181ea243227776ba83fd043b4ca034e"
dependencies = [
 "futures-channel",
 "futures-core",
 "futures-executor",
 "futures-io",
 "futures-sink",
 "futures-task",
 "futures-util",
]

[[package]]
name = "futures-channel"
version = "0.3.6"
source = "registry+https://github.com/rust-lang/crates.io-index"
checksum = "a7a4d35f7401e948629c9c3d6638fb9bf94e0b2121e96c3b428cc4e631f3eb74"
dependencies = [
 "futures-core",
 "futures-sink",
]

[[package]]
name = "futures-core"
version = "0.3.6"
source = "registry+https://github.com/rust-lang/crates.io-index"
checksum = "d674eaa0056896d5ada519900dbf97ead2e46a7b6621e8160d79e2f2e1e2784b"

[[package]]
name = "futures-executor"
version = "0.3.6"
source = "registry+https://github.com/rust-lang/crates.io-index"
checksum = "cc709ca1da6f66143b8c9bec8e6260181869893714e9b5a490b169b0414144ab"
dependencies = [
 "futures-core",
 "futures-task",
 "futures-util",
]

[[package]]
name = "futures-io"
version = "0.3.6"
source = "registry+https://github.com/rust-lang/crates.io-index"
checksum = "5fc94b64bb39543b4e432f1790b6bf18e3ee3b74653c5449f63310e9a74b123c"

[[package]]
name = "futures-macro"
version = "0.3.6"
source = "registry+https://github.com/rust-lang/crates.io-index"
checksum = "f57ed14da4603b2554682e9f2ff3c65d7567b53188db96cb71538217fc64581b"
dependencies = [
 "proc-macro-hack",
 "proc-macro2",
 "quote",
 "syn",
]

[[package]]
name = "futures-sink"
version = "0.3.6"
source = "registry+https://github.com/rust-lang/crates.io-index"
checksum = "0d8764258ed64ebc5d9ed185cf86a95db5cac810269c5d20ececb32e0088abbd"

[[package]]
name = "futures-task"
version = "0.3.6"
source = "registry+https://github.com/rust-lang/crates.io-index"
checksum = "4dd26820a9f3637f1302da8bceba3ff33adbe53464b54ca24d4e2d4f1db30f94"
dependencies = [
 "once_cell",
]

[[package]]
name = "futures-util"
version = "0.3.6"
source = "registry+https://github.com/rust-lang/crates.io-index"
checksum = "8a894a0acddba51a2d49a6f4263b1e64b8c579ece8af50fa86503d52cd1eea34"
dependencies = [
 "futures-channel",
 "futures-core",
 "futures-io",
 "futures-macro",
 "futures-sink",
 "futures-task",
 "memchr",
 "pin-project",
 "pin-utils",
 "proc-macro-hack",
 "proc-macro-nested",
 "slab",
]

[[package]]
name = "gdk-pixbuf"
version = "0.9.0"
source = "git+https://github.com/gtk-rs/gdk-pixbuf#6c670b2c699e4112f2b84b84d63f0961a78250e5"
dependencies = [
 "gdk-pixbuf-sys",
 "gio",
 "gio-sys",
 "glib 0.10.0",
 "glib-sys 0.10.0",
 "gobject-sys 0.10.0 (git+https://github.com/gtk-rs/sys)",
 "libc",
]

[[package]]
name = "gdk-pixbuf-sys"
version = "0.10.0"
source = "git+https://github.com/gtk-rs/sys#bcfd008d8d9351b485c646cba15298c5cf916ba9"
dependencies = [
 "gio-sys",
 "glib-sys 0.10.0",
 "gobject-sys 0.10.0 (git+https://github.com/gtk-rs/sys)",
 "libc",
 "system-deps",
]

[[package]]
name = "gdk4"
version = "0.1.0"
source = "git+https://github.com/bilelmoussaoui/gdk4?branch=bilelmoussaoui/update#f5ccc3e14aab8974ad3453196969b0d326676de3"
dependencies = [
 "bitflags",
 "cairo-rs",
 "cairo-sys-rs",
 "gdk-pixbuf",
 "gdk4-sys",
 "gio",
 "gio-sys",
 "glib 0.10.0",
 "glib-sys 0.10.0",
 "gobject-sys 0.10.0 (git+https://github.com/gtk-rs/sys)",
 "libc",
 "pango",
]

[[package]]
name = "gdk4-sys"
version = "0.1.0"
source = "git+https://github.com/gtk-rs/sys#bcfd008d8d9351b485c646cba15298c5cf916ba9"
dependencies = [
 "cairo-sys-rs",
 "gdk-pixbuf-sys",
 "gio-sys",
 "glib-sys 0.10.0",
 "gobject-sys 0.10.0 (git+https://github.com/gtk-rs/sys)",
 "libc",
 "pango-sys",
 "system-deps",
]

[[package]]
name = "gettext-rs"
version = "0.4.4"
source = "registry+https://github.com/rust-lang/crates.io-index"
checksum = "df454a42d8a718280c78666efe0707c120873736961ae91ead898f17ac66ce7c"
dependencies = [
 "gettext-sys",
 "locale_config",
]

[[package]]
name = "gettext-sys"
version = "0.19.9"
source = "registry+https://github.com/rust-lang/crates.io-index"
checksum = "e034c4ba5bb796730a6cc5eb0d654c16885006a7c3d6c6603581ed809434f153"
dependencies = [
 "cc",
]

[[package]]
name = "gio"
version = "0.9.0"
source = "git+https://github.com/gtk-rs/gio#b96808b6c6229cbd06d505bb8a23068403732aa7"
dependencies = [
 "bitflags",
 "futures",
 "futures-channel",
 "futures-core",
 "futures-io",
 "futures-util",
 "gio-sys",
 "glib 0.10.0",
 "glib-sys 0.10.0",
 "gobject-sys 0.10.0 (git+https://github.com/gtk-rs/sys)",
 "libc",
 "once_cell",
 "thiserror",
]

[[package]]
name = "gio-sys"
version = "0.10.0"
source = "git+https://github.com/gtk-rs/sys#bcfd008d8d9351b485c646cba15298c5cf916ba9"
dependencies = [
 "glib-sys 0.10.0",
 "gobject-sys 0.10.0 (git+https://github.com/gtk-rs/sys)",
 "libc",
 "system-deps",
 "winapi",
]

[[package]]
name = "glib"
version = "0.10.0"
source = "git+https://github.com/gtk-rs/glib#e515eb89429ccaf8e00eda2193092e8c9ae96606"
dependencies = [
 "bitflags",
 "futures-channel",
 "futures-core",
 "futures-executor",
 "futures-task",
 "futures-util",
 "glib-macros 0.10.0",
 "glib-sys 0.10.0",
 "gobject-sys 0.10.0 (git+https://github.com/gtk-rs/sys)",
 "libc",
 "once_cell",
]

[[package]]
name = "glib"
version = "0.10.3"
source = "registry+https://github.com/rust-lang/crates.io-index"
checksum = "0c685013b7515e668f1b57a165b009d4d28cb139a8a989bbd699c10dad29d0c5"
dependencies = [
 "bitflags",
 "futures-channel",
 "futures-core",
 "futures-executor",
 "futures-task",
 "futures-util",
 "glib-macros 0.10.1",
 "glib-sys 0.10.1",
 "gobject-sys 0.10.0 (registry+https://github.com/rust-lang/crates.io-index)",
 "libc",
 "once_cell",
]

[[package]]
name = "glib-macros"
version = "0.10.0"
source = "git+https://github.com/gtk-rs/glib#e515eb89429ccaf8e00eda2193092e8c9ae96606"
dependencies = [
 "anyhow",
 "heck",
 "itertools",
 "proc-macro-crate",
 "proc-macro-error",
 "proc-macro2",
 "quote",
 "syn",
]

[[package]]
name = "glib-macros"
version = "0.10.1"
source = "registry+https://github.com/rust-lang/crates.io-index"
checksum = "41486a26d1366a8032b160b59065a59fb528530a46a49f627e7048fb8c064039"
dependencies = [
 "anyhow",
 "heck",
 "itertools",
 "proc-macro-crate",
 "proc-macro-error",
 "proc-macro2",
 "quote",
 "syn",
]

[[package]]
name = "glib-sys"
version = "0.10.0"
source = "git+https://github.com/gtk-rs/sys#bcfd008d8d9351b485c646cba15298c5cf916ba9"
dependencies = [
 "libc",
 "system-deps",
]

[[package]]
name = "glib-sys"
version = "0.10.1"
source = "registry+https://github.com/rust-lang/crates.io-index"
checksum = "c7e9b997a66e9a23d073f2b1abb4dbfc3925e0b8952f67efd8d9b6e168e4cdc1"
dependencies = [
 "libc",
 "system-deps",
]

[[package]]
name = "gobject-sys"
version = "0.10.0"
source = "registry+https://github.com/rust-lang/crates.io-index"
checksum = "952133b60c318a62bf82ee75b93acc7e84028a093e06b9e27981c2b6fe68218c"
dependencies = [
 "glib-sys 0.10.1",
 "libc",
 "system-deps",
]

[[package]]
name = "gobject-sys"
version = "0.10.0"
source = "git+https://github.com/gtk-rs/sys#bcfd008d8d9351b485c646cba15298c5cf916ba9"
dependencies = [
 "glib-sys 0.10.0",
 "libc",
 "system-deps",
]

[[package]]
name = "graphene-rs"
version = "0.1.0"
source = "git+https://github.com/gtk-rs/graphene#8f55bd697b30687d319bce46fd1e3b23f9b66197"
dependencies = [
 "glib 0.10.0",
 "glib-sys 0.10.0",
 "gobject-sys 0.10.0 (git+https://github.com/gtk-rs/sys)",
 "graphene-sys",
 "libc",
]

[[package]]
name = "graphene-sys"
version = "0.1.0"
source = "git+https://github.com/gtk-rs/graphene#8f55bd697b30687d319bce46fd1e3b23f9b66197"
dependencies = [
 "glib-sys 0.10.0",
 "gobject-sys 0.10.0 (git+https://github.com/gtk-rs/sys)",
 "libc",
 "pkg-config",
 "system-deps",
]

[[package]]
name = "gsk4"
version = "0.1.0"
source = "git+https://github.com/bilelmoussaoui/gsk4?branch=bilelmoussaoui/update#1d2159e05f8dceadc126474ea6160fd819967b22"
dependencies = [
 "bitflags",
 "cairo-rs",
 "cairo-sys-rs",
 "gdk4",
 "gdk4-sys",
 "glib 0.10.0",
 "glib-sys 0.10.0",
 "gobject-sys 0.10.0 (git+https://github.com/gtk-rs/sys)",
 "graphene-rs",
 "graphene-sys",
 "gsk4-sys",
 "libc",
 "pango",
]

[[package]]
name = "gsk4-sys"
version = "0.1.0"
source = "git+https://github.com/gtk-rs/sys#bcfd008d8d9351b485c646cba15298c5cf916ba9"
dependencies = [
 "cairo-sys-rs",
 "gdk4-sys",
 "glib-sys 0.10.0",
 "gobject-sys 0.10.0 (git+https://github.com/gtk-rs/sys)",
 "graphene-sys",
 "libc",
 "pango-sys",
 "system-deps",
]

[[package]]
name = "gstreamer"
version = "0.16.4"
source = "registry+https://github.com/rust-lang/crates.io-index"
checksum = "da0bc44d8c3ce6c3dca434a3f256a851c55f0ea5c409413b5b406039989db6ff"
dependencies = [
 "bitflags",
 "cfg-if",
 "futures-channel",
 "futures-core",
 "futures-util",
 "glib 0.10.3",
 "glib-sys 0.10.1",
 "gobject-sys 0.10.0 (registry+https://github.com/rust-lang/crates.io-index)",
 "gstreamer-sys",
 "libc",
 "muldiv",
 "num-rational",
 "once_cell",
 "paste",
 "pretty-hex",
 "thiserror",
]

[[package]]
name = "gstreamer-base"
version = "0.16.3"
source = "registry+https://github.com/rust-lang/crates.io-index"
checksum = "082f83c11a9d568e94e3a29d9fb22bf86dda44becfd4ba1d18446766b678f07c"
dependencies = [
 "bitflags",
 "glib 0.10.3",
 "glib-sys 0.10.1",
 "gobject-sys 0.10.0 (registry+https://github.com/rust-lang/crates.io-index)",
 "gstreamer",
 "gstreamer-base-sys",
 "gstreamer-sys",
 "libc",
]

[[package]]
name = "gstreamer-base-sys"
version = "0.9.1"
source = "registry+https://github.com/rust-lang/crates.io-index"
checksum = "a4b7b6dc2d6e160a1ae28612f602bd500b3fa474ce90bf6bb2f08072682beef5"
dependencies = [
 "glib-sys 0.10.1",
 "gobject-sys 0.10.0 (registry+https://github.com/rust-lang/crates.io-index)",
 "gstreamer-sys",
 "libc",
 "system-deps",
]

[[package]]
name = "gstreamer-player"
version = "0.16.3"
source = "registry+https://github.com/rust-lang/crates.io-index"
checksum = "4ec0f643dba95e732b261473bc4d73e5a3f635fa097281a172892976830cae85"
dependencies = [
 "bitflags",
 "glib 0.10.3",
 "glib-sys 0.10.1",
 "gobject-sys 0.10.0 (registry+https://github.com/rust-lang/crates.io-index)",
 "gstreamer",
 "gstreamer-player-sys",
 "gstreamer-sys",
 "gstreamer-video",
 "libc",
]

[[package]]
name = "gstreamer-player-sys"
version = "0.9.1"
source = "registry+https://github.com/rust-lang/crates.io-index"
checksum = "53aaf79503e691a32266670bc631edb6c52bdb854984da76a0ce2756f49584a2"
dependencies = [
 "glib-sys 0.10.1",
 "gobject-sys 0.10.0 (registry+https://github.com/rust-lang/crates.io-index)",
 "gstreamer-sys",
 "gstreamer-video-sys",
 "libc",
 "system-deps",
]

[[package]]
name = "gstreamer-sys"
version = "0.9.1"
source = "registry+https://github.com/rust-lang/crates.io-index"
checksum = "fc1f154082d01af5718c5f8a8eb4f565a4ea5586ad8833a8fc2c2aa6844b601d"
dependencies = [
 "glib-sys 0.10.1",
 "gobject-sys 0.10.0 (registry+https://github.com/rust-lang/crates.io-index)",
 "libc",
 "system-deps",
]

[[package]]
name = "gstreamer-video"
version = "0.16.4"
source = "registry+https://github.com/rust-lang/crates.io-index"
checksum = "4ee818e9d31484ad50d95b08eb4cfa0dd439501721dc62708e2202de5ac5b84e"
dependencies = [
 "bitflags",
 "futures-channel",
 "futures-util",
 "glib 0.10.3",
 "glib-sys 0.10.1",
 "gobject-sys 0.10.0 (registry+https://github.com/rust-lang/crates.io-index)",
 "gstreamer",
 "gstreamer-base",
 "gstreamer-base-sys",
 "gstreamer-sys",
 "gstreamer-video-sys",
 "libc",
 "once_cell",
]

[[package]]
name = "gstreamer-video-sys"
version = "0.9.1"
source = "registry+https://github.com/rust-lang/crates.io-index"
checksum = "92347e46438007d6a2386302125f62cb9df6769cdacb931af5c0f12c1ee21de4"
dependencies = [
 "glib-sys 0.10.1",
 "gobject-sys 0.10.0 (registry+https://github.com/rust-lang/crates.io-index)",
 "gstreamer-base-sys",
 "gstreamer-sys",
 "libc",
 "system-deps",
]

[[package]]
name = "gtk-macros"
version = "0.2.0"
source = "registry+https://github.com/rust-lang/crates.io-index"
checksum = "1874c48e670519ce192093ac906c08a6dde7cb2d18b28722ef237726a39c3a63"

[[package]]
name = "gtk4"
version = "0.1.0"
source = "git+https://github.com/bilelmoussaoui/gtk4?branch=bilelmoussaoui/update#8cd3e69ec8cc54ece058c2091f79a231870b3dfb"
dependencies = [
 "atk",
 "atk-sys",
 "bitflags",
 "cairo-rs",
 "cairo-sys-rs",
 "gdk-pixbuf",
 "gdk-pixbuf-sys",
 "gdk4",
 "gdk4-sys",
 "gio",
 "gio-sys",
 "glib 0.10.0",
 "glib-sys 0.10.0",
 "gobject-sys 0.10.0 (git+https://github.com/gtk-rs/sys)",
 "graphene-rs",
 "graphene-sys",
 "gsk4",
 "gsk4-sys",
 "gtk4-sys",
 "libc",
 "once_cell",
 "pango",
 "pango-sys",
]

[[package]]
name = "gtk4-sys"
version = "0.1.0"
source = "git+https://github.com/gtk-rs/sys#bcfd008d8d9351b485c646cba15298c5cf916ba9"
dependencies = [
 "atk-sys",
 "cairo-sys-rs",
 "gdk-pixbuf-sys",
 "gdk4-sys",
 "gio-sys",
 "glib-sys 0.10.0",
 "gobject-sys 0.10.0 (git+https://github.com/gtk-rs/sys)",
 "graphene-sys",
 "gsk4-sys",
 "libc",
 "pango-sys",
 "system-deps",
]

[[package]]
name = "heck"
version = "0.3.1"
source = "registry+https://github.com/rust-lang/crates.io-index"
checksum = "20564e78d53d2bb135c343b3f47714a56af2061f1c928fdb541dc7b9fdd94205"
dependencies = [
 "unicode-segmentation",
]

[[package]]
name = "itertools"
version = "0.9.0"
source = "registry+https://github.com/rust-lang/crates.io-index"
checksum = "284f18f85651fe11e8a991b2adb42cb078325c996ed026d994719efcfca1d54b"
dependencies = [
 "either",
]

[[package]]
name = "lazy_static"
version = "1.4.0"
source = "registry+https://github.com/rust-lang/crates.io-index"
checksum = "e2abad23fbc42b3700f2f279844dc832adb2b2eb069b2df918f455c4e18cc646"

[[package]]
name = "libc"
version = "0.2.79"
source = "registry+https://github.com/rust-lang/crates.io-index"
checksum = "2448f6066e80e3bfc792e9c98bf705b4b0fc6e8ef5b43e5889aff0eaa9c58743"

[[package]]
name = "locale_config"
version = "0.2.3"
source = "registry+https://github.com/rust-lang/crates.io-index"
checksum = "73ac19ebe45489e5d53b4346d8b90bb3dd03275c5fdf2ce22a982516d86b535c"
dependencies = [
 "lazy_static",
 "regex",
 "winapi",
]

[[package]]
name = "memchr"
version = "2.3.3"
source = "registry+https://github.com/rust-lang/crates.io-index"
checksum = "3728d817d99e5ac407411fa471ff9800a778d88a24685968b36824eaf4bee400"

[[package]]
name = "muldiv"
version = "0.2.1"
source = "registry+https://github.com/rust-lang/crates.io-index"
checksum = "0419348c027fa7be448d2ae7ea0e4e04c2334c31dc4e74ab29f00a2a7ca69204"

[[package]]
name = "num-integer"
version = "0.1.43"
source = "registry+https://github.com/rust-lang/crates.io-index"
checksum = "8d59457e662d541ba17869cf51cf177c0b5f0cbf476c66bdc90bf1edac4f875b"
dependencies = [
 "autocfg",
 "num-traits",
]

[[package]]
name = "num-rational"
version = "0.3.0"
source = "registry+https://github.com/rust-lang/crates.io-index"
checksum = "a5b4d7360f362cfb50dde8143501e6940b22f644be75a4cc90b2d81968908138"
dependencies = [
 "autocfg",
 "num-integer",
 "num-traits",
]

[[package]]
name = "num-traits"
version = "0.2.12"
source = "registry+https://github.com/rust-lang/crates.io-index"
checksum = "ac267bcc07f48ee5f8935ab0d24f316fb722d7a1292e2913f0cc196b29ffd611"
dependencies = [
 "autocfg",
]

[[package]]
name = "once_cell"
version = "1.4.1"
source = "registry+https://github.com/rust-lang/crates.io-index"
checksum = "260e51e7efe62b592207e9e13a68e43692a7a279171d6ba57abd208bf23645ad"

[[package]]
name = "pango"
version = "0.9.0"
source = "git+https://github.com/gtk-rs/pango#500460d5456888c7e1acbc52fb373a0c6b3ead90"
dependencies = [
 "bitflags",
 "glib 0.10.0",
 "glib-sys 0.10.0",
 "gobject-sys 0.10.0 (git+https://github.com/gtk-rs/sys)",
 "libc",
 "once_cell",
 "pango-sys",
]

[[package]]
name = "pango-sys"
version = "0.10.0"
source = "git+https://github.com/gtk-rs/sys#bcfd008d8d9351b485c646cba15298c5cf916ba9"
dependencies = [
 "glib-sys 0.10.0",
 "gobject-sys 0.10.0 (git+https://github.com/gtk-rs/sys)",
 "libc",
 "system-deps",
]

[[package]]
name = "paste"
version = "1.0.1"
source = "registry+https://github.com/rust-lang/crates.io-index"
checksum = "0520af26d4cf99643dbbe093a61507922b57232d9978d8491fdc8f7b44573c8c"

[[package]]
name = "pin-project"
version = "0.4.27"
source = "registry+https://github.com/rust-lang/crates.io-index"
checksum = "2ffbc8e94b38ea3d2d8ba92aea2983b503cd75d0888d75b86bb37970b5698e15"
dependencies = [
 "pin-project-internal",
]

[[package]]
name = "pin-project-internal"
version = "0.4.27"
source = "registry+https://github.com/rust-lang/crates.io-index"
checksum = "65ad2ae56b6abe3a1ee25f15ee605bacadb9a764edaba9c2bf4103800d4a1895"
dependencies = [
 "proc-macro2",
 "quote",
 "syn",
]

[[package]]
name = "pin-utils"
version = "0.1.0"
source = "registry+https://github.com/rust-lang/crates.io-index"
checksum = "8b870d8c151b6f2fb93e84a13146138f05d02ed11c7e7c54f8826aaaf7c9f184"

[[package]]
name = "pkg-config"
version = "0.3.19"
source = "registry+https://github.com/rust-lang/crates.io-index"
checksum = "3831453b3449ceb48b6d9c7ad7c96d5ea673e9b470a1dc578c2ce6521230884c"

[[package]]
name = "pretty-hex"
version = "0.2.1"
source = "registry+https://github.com/rust-lang/crates.io-index"
checksum = "bc5c99d529f0d30937f6f4b8a86d988047327bb88d04d2c4afc356de74722131"

[[package]]
name = "proc-macro-crate"
version = "0.1.5"
source = "registry+https://github.com/rust-lang/crates.io-index"
checksum = "1d6ea3c4595b96363c13943497db34af4460fb474a95c43f4446ad341b8c9785"
dependencies = [
 "toml",
]

[[package]]
name = "proc-macro-error"
version = "1.0.4"
source = "registry+https://github.com/rust-lang/crates.io-index"
checksum = "da25490ff9892aab3fcf7c36f08cfb902dd3e71ca0f9f9517bea02a73a5ce38c"
dependencies = [
 "proc-macro-error-attr",
 "proc-macro2",
 "quote",
 "syn",
 "version_check",
]

[[package]]
name = "proc-macro-error-attr"
version = "1.0.4"
source = "registry+https://github.com/rust-lang/crates.io-index"
checksum = "a1be40180e52ecc98ad80b184934baf3d0d29f979574e439af5a55274b35f869"
dependencies = [
 "proc-macro2",
 "quote",
 "version_check",
]

[[package]]
name = "proc-macro-hack"
version = "0.5.18"
source = "registry+https://github.com/rust-lang/crates.io-index"
checksum = "99c605b9a0adc77b7211c6b1f722dcb613d68d66859a44f3d485a6da332b0598"

[[package]]
name = "proc-macro-nested"
version = "0.1.6"
source = "registry+https://github.com/rust-lang/crates.io-index"
checksum = "eba180dafb9038b050a4c280019bbedf9f2467b61e5d892dcad585bb57aadc5a"

[[package]]
name = "proc-macro2"
version = "1.0.24"
source = "registry+https://github.com/rust-lang/crates.io-index"
checksum = "1e0704ee1a7e00d7bb417d0770ea303c1bccbabf0ef1667dae92b5967f5f8a71"
dependencies = [
 "unicode-xid",
]

[[package]]
name = "quote"
version = "1.0.7"
source = "registry+https://github.com/rust-lang/crates.io-index"
checksum = "aa563d17ecb180e500da1cfd2b028310ac758de548efdd203e18f283af693f37"
dependencies = [
 "proc-macro2",
]

[[package]]
name = "regex"
version = "1.4.1"
source = "registry+https://github.com/rust-lang/crates.io-index"
checksum = "8963b85b8ce3074fecffde43b4b0dded83ce2f367dc8d363afc56679f3ee820b"
dependencies = [
 "aho-corasick",
 "memchr",
 "regex-syntax",
 "thread_local",
]

[[package]]
name = "regex-syntax"
version = "0.6.20"
source = "registry+https://github.com/rust-lang/crates.io-index"
checksum = "8cab7a364d15cde1e505267766a2d3c4e22a843e1a601f0fa7564c0f82ced11c"

[[package]]
name = "serde"
version = "1.0.117"
source = "registry+https://github.com/rust-lang/crates.io-index"
checksum = "b88fa983de7720629c9387e9f517353ed404164b1e482c970a90c1a4aaf7dc1a"

[[package]]
name = "slab"
version = "0.4.2"
source = "registry+https://github.com/rust-lang/crates.io-index"
checksum = "c111b5bd5695e56cffe5129854aa230b39c93a305372fdbb2668ca2394eea9f8"

[[package]]
name = "solanum"
version = "2.0.0"
dependencies = [
 "gdk4",
 "gettext-rs",
 "gio",
 "glib 0.10.0",
 "gstreamer",
 "gstreamer-player",
 "gtk-macros",
 "gtk4",
 "once_cell",
 "pango",
 "regex",
]

[[package]]
name = "strum"
version = "0.18.0"
source = "registry+https://github.com/rust-lang/crates.io-index"
checksum = "57bd81eb48f4c437cadc685403cad539345bf703d78e63707418431cecd4522b"

[[package]]
name = "strum_macros"
version = "0.18.0"
source = "registry+https://github.com/rust-lang/crates.io-index"
checksum = "87c85aa3f8ea653bfd3ddf25f7ee357ee4d204731f6aa9ad04002306f6e2774c"
dependencies = [
 "heck",
 "proc-macro2",
 "quote",
 "syn",
]

[[package]]
name = "syn"
version = "1.0.45"
source = "registry+https://github.com/rust-lang/crates.io-index"
checksum = "ea9c5432ff16d6152371f808fb5a871cd67368171b09bb21b43df8e4a47a3556"
dependencies = [
 "proc-macro2",
 "quote",
 "unicode-xid",
]

[[package]]
name = "system-deps"
version = "1.3.2"
source = "registry+https://github.com/rust-lang/crates.io-index"
checksum = "0f3ecc17269a19353b3558b313bba738b25d82993e30d62a18406a24aba4649b"
dependencies = [
 "heck",
 "pkg-config",
 "strum",
 "strum_macros",
 "thiserror",
 "toml",
 "version-compare",
]

[[package]]
name = "thiserror"
version = "1.0.21"
source = "registry+https://github.com/rust-lang/crates.io-index"
checksum = "318234ffa22e0920fe9a40d7b8369b5f649d490980cf7aadcf1eb91594869b42"
dependencies = [
 "thiserror-impl",
]

[[package]]
name = "thiserror-impl"
version = "1.0.21"
source = "registry+https://github.com/rust-lang/crates.io-index"
checksum = "cae2447b6282786c3493999f40a9be2a6ad20cb8bd268b0a0dbf5a065535c0ab"
dependencies = [
 "proc-macro2",
 "quote",
 "syn",
]

[[package]]
name = "thread_local"
version = "1.0.1"
source = "registry+https://github.com/rust-lang/crates.io-index"
checksum = "d40c6d1b69745a6ec6fb1ca717914848da4b44ae29d9b3080cbee91d72a69b14"
dependencies = [
 "lazy_static",
]

[[package]]
name = "toml"
version = "0.5.7"
source = "registry+https://github.com/rust-lang/crates.io-index"
checksum = "75cf45bb0bef80604d001caaec0d09da99611b3c0fd39d3080468875cdb65645"
dependencies = [
 "serde",
]

[[package]]
name = "unicode-segmentation"
version = "1.6.0"
source = "registry+https://github.com/rust-lang/crates.io-index"
checksum = "e83e153d1053cbb5a118eeff7fd5be06ed99153f00dbcd8ae310c5fb2b22edc0"

[[package]]
name = "unicode-xid"
version = "0.2.1"
source = "registry+https://github.com/rust-lang/crates.io-index"
checksum = "f7fe0bb3479651439c9112f72b6c505038574c9fbb575ed1bf3b797fa39dd564"

[[package]]
name = "version-compare"
version = "0.0.10"
source = "registry+https://github.com/rust-lang/crates.io-index"
checksum = "d63556a25bae6ea31b52e640d7c41d1ab27faba4ccb600013837a3d0b3994ca1"

[[package]]
name = "version_check"
version = "0.9.2"
source = "registry+https://github.com/rust-lang/crates.io-index"
checksum = "b5a972e5669d67ba988ce3dc826706fb0a8b01471c088cb0b6110b805cc36aed"

[[package]]
name = "winapi"
version = "0.3.9"
source = "registry+https://github.com/rust-lang/crates.io-index"
checksum = "5c839a674fcd7a98952e593242ea400abe93992746761e38641405d28b00f419"
dependencies = [
 "winapi-i686-pc-windows-gnu",
 "winapi-x86_64-pc-windows-gnu",
]

[[package]]
name = "winapi-i686-pc-windows-gnu"
version = "0.4.0"
source = "registry+https://github.com/rust-lang/crates.io-index"
checksum = "ac3b87c63620426dd9b991e5ce0329eff545bccbbb34f3be09ff6fb6ab51b7b6"

[[package]]
name = "winapi-x86_64-pc-windows-gnu"
version = "0.4.0"
source = "registry+https://github.com/rust-lang/crates.io-index"
checksum = "712e227841d057c1ee1cd2fb22fa7e5a5461ae8e48fa2ca79ec42cfc1931183f"
